
Microsoft Visual Studio Solution File, Format Version 12.00
# Visual Studio Version 17
VisualStudioVersion = 17.2.32630.192
MinimumVisualStudioVersion = 10.0.40219.1
Project("{9A19103F-16F7-4668-BE54-9A1E7A4F7556}") = "Presentation", "Presentation\Presentation.csproj", "{D077D5A4-A2D8-470F-8752-394AD2A27AF9}"
EndProject
Project("{9A19103F-16F7-4668-BE54-9A1E7A4F7556}") = "BL", "BL\BL.csproj", "{21842DEE-B103-4FAC-A01E-27042A345984}"
EndProject
Project("{9A19103F-16F7-4668-BE54-9A1E7A4F7556}") = "DAL", "DAL\DAL.csproj", "{ED4E58D7-1B9D-4DEF-8CC4-944A37B6858B}"
EndProject
Project("{9A19103F-16F7-4668-BE54-9A1E7A4F7556}") = "Persistence", "Persistence\Persistence.csproj", "{906879E1-756D-482E-8F86-346CDD746AB3}"
EndProject
Global
	GlobalSection(SolutionConfigurationPlatforms) = preSolution
		Debug|Any CPU = Debug|Any CPU
		Release|Any CPU = Release|Any CPU
	EndGlobalSection
	GlobalSection(ProjectConfigurationPlatforms) = postSolution
		{D077D5A4-A2D8-470F-8752-394AD2A27AF9}.Debug|Any CPU.ActiveCfg = Debug|Any CPU
		{D077D5A4-A2D8-470F-8752-394AD2A27AF9}.Debug|Any CPU.Build.0 = Debug|Any CPU
		{D077D5A4-A2D8-470F-8752-394AD2A27AF9}.Release|Any CPU.ActiveCfg = Release|Any CPU
		{D077D5A4-A2D8-470F-8752-394AD2A27AF9}.Release|Any CPU.Build.0 = Release|Any CPU
		{21842DEE-B103-4FAC-A01E-27042A345984}.Debug|Any CPU.ActiveCfg = Debug|Any CPU
		{21842DEE-B103-4FAC-A01E-27042A345984}.Debug|Any CPU.Build.0 = Debug|Any CPU
		{21842DEE-B103-4FAC-A01E-27042A345984}.Release|Any CPU.ActiveCfg = Release|Any CPU
		{21842DEE-B103-4FAC-A01E-27042A345984}.Release|Any CPU.Build.0 = Release|Any CPU
		{ED4E58D7-1B9D-4DEF-8CC4-944A37B6858B}.Debug|Any CPU.ActiveCfg = Debug|Any CPU
		{ED4E58D7-1B9D-4DEF-8CC4-944A37B6858B}.Debug|Any CPU.Build.0 = Debug|Any CPU
		{ED4E58D7-1B9D-4DEF-8CC4-944A37B6858B}.Release|Any CPU.ActiveCfg = Release|Any CPU
		{ED4E58D7-1B9D-4DEF-8CC4-944A37B6858B}.Release|Any CPU.Build.0 = Release|Any CPU
		{906879E1-756D-482E-8F86-346CDD746AB3}.Debug|Any CPU.ActiveCfg = Debug|Any CPU
		{906879E1-756D-482E-8F86-346CDD746AB3}.Debug|Any CPU.Build.0 = Debug|Any CPU
		{906879E1-756D-482E-8F86-346CDD746AB3}.Release|Any CPU.ActiveCfg = Release|Any CPU
		{906879E1-756D-482E-8F86-346CDD746AB3}.Release|Any CPU.Build.0 = Release|Any CPU
	EndGlobalSection
	GlobalSection(SolutionProperties) = preSolution
		HideSolutionNode = FALSE
	EndGlobalSection
	GlobalSection(ExtensibilityGlobals) = postSolution
		SolutionGuid = {C7270C51-1450-41AE-96EC-8B986C4F96D2}
	EndGlobalSection
EndGlobal
